
Microsoft Visual Studio Solution File, Format Version 12.00
# Visual Studio Version 17
VisualStudioVersion = 17.2.32516.85
MinimumVisualStudioVersion = 10.0.40219.1
Project("{FAE04EC0-301F-11D3-BF4B-00C04F79EFBC}") = "CustomStack", "CustomStack\CustomStack.csproj", "{4B7395FB-90E5-4C22-9139-7D2D1B6143BE}"
EndProject
Global
	GlobalSection(SolutionConfigurationPlatforms) = preSolution
		Debug|Any CPU = Debug|Any CPU
		Release|Any CPU = Release|Any CPU
	EndGlobalSection
	GlobalSection(ProjectConfigurationPlatforms) = postSolution
		{4B7395FB-90E5-4C22-9139-7D2D1B6143BE}.Debug|Any CPU.ActiveCfg = Debug|Any CPU
		{4B7395FB-90E5-4C22-9139-7D2D1B6143BE}.Debug|Any CPU.Build.0 = Debug|Any CPU
		{4B7395FB-90E5-4C22-9139-7D2D1B6143BE}.Release|Any CPU.ActiveCfg = Release|Any CPU
		{4B7395FB-90E5-4C22-9139-7D2D1B6143BE}.Release|Any CPU.Build.0 = Release|Any CPU
	EndGlobalSection
	GlobalSection(SolutionProperties) = preSolution
		HideSolutionNode = FALSE
	EndGlobalSection
	GlobalSection(ExtensibilityGlobals) = postSolution
		SolutionGuid = {146C7AF7-24A7-4721-89D4-F60583C4851A}
	EndGlobalSection
EndGlobal
