
Microsoft Visual Studio Solution File, Format Version 12.00
# Visual Studio Version 17
VisualStudioVersion = 17.2.32516.85
MinimumVisualStudioVersion = 10.0.40219.1
Project("{9A19103F-16F7-4668-BE54-9A1E7A4F7556}") = "MyStack", "MyStack\MyStack.csproj", "{92B62446-BE57-4D36-9F8A-90CA3DAFE6C1}"
EndProject
Global
	GlobalSection(SolutionConfigurationPlatforms) = preSolution
		Debug|Any CPU = Debug|Any CPU
		Release|Any CPU = Release|Any CPU
	EndGlobalSection
	GlobalSection(ProjectConfigurationPlatforms) = postSolution
		{92B62446-BE57-4D36-9F8A-90CA3DAFE6C1}.Debug|Any CPU.ActiveCfg = Debug|Any CPU
		{92B62446-BE57-4D36-9F8A-90CA3DAFE6C1}.Debug|Any CPU.Build.0 = Debug|Any CPU
		{92B62446-BE57-4D36-9F8A-90CA3DAFE6C1}.Release|Any CPU.ActiveCfg = Release|Any CPU
		{92B62446-BE57-4D36-9F8A-90CA3DAFE6C1}.Release|Any CPU.Build.0 = Release|Any CPU
	EndGlobalSection
	GlobalSection(SolutionProperties) = preSolution
		HideSolutionNode = FALSE
	EndGlobalSection
	GlobalSection(ExtensibilityGlobals) = postSolution
		SolutionGuid = {9C03D698-1293-4A1E-AA7E-75A1D55A2CFD}
	EndGlobalSection
EndGlobal
